// !$*UTF8*$!
{
	archiveVersion = 1;
	classes = {
	};
	objectVersion = 50;
	objects = {

/* Begin PBXBuildFile section */
		55C65B902294F39000468FE6 /* AppDelegate.m in Sources */ = {isa = PBXBuildFile; fileRef = 55C65B8F2294F39000468FE6 /* AppDelegate.m */; };
		55C65B932294F39000468FE6 /* ViewController.m in Sources */ = {isa = PBXBuildFile; fileRef = 55C65B922294F39000468FE6 /* ViewController.m */; };
		55C65B962294F39000468FE6 /* Main.storyboard in Resources */ = {isa = PBXBuildFile; fileRef = 55C65B942294F39000468FE6 /* Main.storyboard */; };
		55C65B982294F39100468FE6 /* Assets.xcassets in Resources */ = {isa = PBXBuildFile; fileRef = 55C65B972294F39100468FE6 /* Assets.xcassets */; };
		55C65B9B2294F39100468FE6 /* LaunchScreen.storyboard in Resources */ = {isa = PBXBuildFile; fileRef = 55C65B992294F39100468FE6 /* LaunchScreen.storyboard */; };
		55C65B9E2294F39100468FE6 /* main.m in Sources */ = {isa = PBXBuildFile; fileRef = 55C65B9D2294F39100468FE6 /* main.m */; };
		55C65BA82294F39100468FE6 /* TestScreenTests.m in Sources */ = {isa = PBXBuildFile; fileRef = 55C65BA72294F39100468FE6 /* TestScreenTests.m */; };
		55C65BB32294F39100468FE6 /* TestScreenUITests.m in Sources */ = {isa = PBXBuildFile; fileRef = 55C65BB22294F39100468FE6 /* TestScreenUITests.m */; };
/* End PBXBuildFile section */

/* Begin PBXContainerItemProxy section */
		55C65BA42294F39100468FE6 /* PBXContainerItemProxy */ = {
			isa = PBXContainerItemProxy;
			containerPortal = 55C65B832294F39000468FE6 /* Project object */;
			proxyType = 1;
			remoteGlobalIDString = 55C65B8A2294F39000468FE6;
			remoteInfo = TestScreen;
		};
		55C65BAF2294F39100468FE6 /* PBXContainerItemProxy */ = {
			isa = PBXContainerItemProxy;
			containerPortal = 55C65B832294F39000468FE6 /* Project object */;
			proxyType = 1;
			remoteGlobalIDString = 55C65B8A2294F39000468FE6;
			remoteInfo = TestScreen;
		};
/* End PBXContainerItemProxy section */

/* Begin PBXFileReference section */
		55C65B8B2294F39000468FE6 /* TestScreen.app */ = {isa = PBXFileReference; explicitFileType = wrapper.application; includeInIndex = 0; path = TestScreen.app; sourceTree = BUILT_PRODUCTS_DIR; };
		55C65B8E2294F39000468FE6 /* AppDelegate.h */ = {isa = PBXFileReference; lastKnownFileType = sourcecode.c.h; path = AppDelegate.h; sourceTree = "<group>"; };
		55C65B8F2294F39000468FE6 /* AppDelegate.m */ = {isa = PBXFileReference; lastKnownFileType = sourcecode.c.objc; path = AppDelegate.m; sourceTree = "<group>"; };
		55C65B912294F39000468FE6 /* ViewController.h */ = {isa = PBXFileReference; lastKnownFileType = sourcecode.c.h; path = ViewController.h; sourceTree = "<group>"; };
		55C65B922294F39000468FE6 /* ViewController.m */ = {isa = PBXFileReference; lastKnownFileType = sourcecode.c.objc; path = ViewController.m; sourceTree = "<group>"; };
		55C65B952294F39000468FE6 /* Base */ = {isa = PBXFileReference; lastKnownFileType = file.storyboard; name = Base; path = Base.lproj/Main.storyboard; sourceTree = "<group>"; };
		55C65B972294F39100468FE6 /* Assets.xcassets */ = {isa = PBXFileReference; lastKnownFileType = folder.assetcatalog; path = Assets.xcassets; sourceTree = "<group>"; };
		55C65B9A2294F39100468FE6 /* Base */ = {isa = PBXFileReference; lastKnownFileType = file.storyboard; name = Base; path = Base.lproj/LaunchScreen.storyboard; sourceTree = "<group>"; };
		55C65B9C2294F39100468FE6 /* Info.plist */ = {isa = PBXFileReference; lastKnownFileType = text.plist.xml; path = Info.plist; sourceTree = "<group>"; };
		55C65B9D2294F39100468FE6 /* main.m */ = {isa = PBXFileReference; lastKnownFileType = sourcecode.c.objc; path = main.m; sourceTree = "<group>"; };
		55C65BA32294F39100468FE6 /* TestScreenTests.xctest */ = {isa = PBXFileReference; explicitFileType = wrapper.cfbundle; includeInIndex = 0; path = TestScreenTests.xctest; sourceTree = BUILT_PRODUCTS_DIR; };
		55C65BA72294F39100468FE6 /* TestScreenTests.m */ = {isa = PBXFileReference; lastKnownFileType = sourcecode.c.objc; path = TestScreenTests.m; sourceTree = "<group>"; };
		55C65BA92294F39100468FE6 /* Info.plist */ = {isa = PBXFileReference; lastKnownFileType = text.plist.xml; path = Info.plist; sourceTree = "<group>"; };
		55C65BAE2294F39100468FE6 /* TestScreenUITests.xctest */ = {isa = PBXFileReference; explicitFileType = wrapper.cfbundle; includeInIndex = 0; path = TestScreenUITests.xctest; sourceTree = BUILT_PRODUCTS_DIR; };
		55C65BB22294F39100468FE6 /* TestScreenUITests.m */ = {isa = PBXFileReference; lastKnownFileType = sourcecode.c.objc; path = TestScreenUITests.m; sourceTree = "<group>"; };
		55C65BB42294F39100468FE6 /* Info.plist */ = {isa = PBXFileReference; lastKnownFileType = text.plist.xml; path = Info.plist; sourceTree = "<group>"; };
/* End PBXFileReference section */

/* Begin PBXFrameworksBuildPhase section */
		55C65B882294F39000468FE6 /* Frameworks */ = {
			isa = PBXFrameworksBuildPhase;
			buildActionMask = 2147483647;
			files = (
			);
			runOnlyForDeploymentPostprocessing = 0;
		};
		55C65BA02294F39100468FE6 /* Frameworks */ = {
			isa = PBXFrameworksBuildPhase;
			buildActionMask = 2147483647;
			files = (
			);
			runOnlyForDeploymentPostprocessing = 0;
		};
		55C65BAB2294F39100468FE6 /* Frameworks */ = {
			isa = PBXFrameworksBuildPhase;
			buildActionMask = 2147483647;
			files = (
			);
			runOnlyForDeploymentPostprocessing = 0;
		};
/* End PBXFrameworksBuildPhase section */

/* Begin PBXGroup section */
		55C65B822294F39000468FE6 = {
			isa = PBXGroup;
			children = (
				55C65B8D2294F39000468FE6 /* TestScreen */,
				55C65BA62294F39100468FE6 /* TestScreenTests */,
				55C65BB12294F39100468FE6 /* TestScreenUITests */,
				55C65B8C2294F39000468FE6 /* Products */,
			);
			sourceTree = "<group>";
		};
		55C65B8C2294F39000468FE6 /* Products */ = {
			isa = PBXGroup;
			children = (
				55C65B8B2294F39000468FE6 /* TestScreen.app */,
				55C65BA32294F39100468FE6 /* TestScreenTests.xctest */,
				55C65BAE2294F39100468FE6 /* TestScreenUITests.xctest */,
			);
			name = Products;
			sourceTree = "<group>";
		};
		55C65B8D2294F39000468FE6 /* TestScreen */ = {
			isa = PBXGroup;
			children = (
				55C65B8E2294F39000468FE6 /* AppDelegate.h */,
				55C65B8F2294F39000468FE6 /* AppDelegate.m */,
				55C65B912294F39000468FE6 /* ViewController.h */,
				55C65B922294F39000468FE6 /* ViewController.m */,
				55C65B942294F39000468FE6 /* Main.storyboard */,
				55C65B972294F39100468FE6 /* Assets.xcassets */,
				55C65B992294F39100468FE6 /* LaunchScreen.storyboard */,
				55C65B9C2294F39100468FE6 /* Info.plist */,
				55C65B9D2294F39100468FE6 /* main.m */,
			);
			path = TestScreen;
			sourceTree = "<group>";
		};
		55C65BA62294F39100468FE6 /* TestScreenTests */ = {
			isa = PBXGroup;
			children = (
				55C65BA72294F39100468FE6 /* TestScreenTests.m */,
				55C65BA92294F39100468FE6 /* Info.plist */,
			);
			path = TestScreenTests;
			sourceTree = "<group>";
		};
		55C65BB12294F39100468FE6 /* TestScreenUITests */ = {
			isa = PBXGroup;
			children = (
				55C65BB22294F39100468FE6 /* TestScreenUITests.m */,
				55C65BB42294F39100468FE6 /* Info.plist */,
			);
			path = TestScreenUITests;
			sourceTree = "<group>";
		};
/* End PBXGroup section */

/* Begin PBXNativeTarget section */
		55C65B8A2294F39000468FE6 /* TestScreen */ = {
			isa = PBXNativeTarget;
			buildConfigurationList = 55C65BB72294F39100468FE6 /* Build configuration list for PBXNativeTarget "TestScreen" */;
			buildPhases = (
				55C65B872294F39000468FE6 /* Sources */,
				55C65B882294F39000468FE6 /* Frameworks */,
				55C65B892294F39000468FE6 /* Resources */,
			);
			buildRules = (
			);
			dependencies = (
			);
			name = TestScreen;
			productName = TestScreen;
			productReference = 55C65B8B2294F39000468FE6 /* TestScreen.app */;
			productType = "com.apple.product-type.application";
		};
		55C65BA22294F39100468FE6 /* TestScreenTests */ = {
			isa = PBXNativeTarget;
			buildConfigurationList = 55C65BBA2294F39100468FE6 /* Build configuration list for PBXNativeTarget "TestScreenTests" */;
			buildPhases = (
				55C65B9F2294F39100468FE6 /* Sources */,
				55C65BA02294F39100468FE6 /* Frameworks */,
				55C65BA12294F39100468FE6 /* Resources */,
			);
			buildRules = (
			);
			dependencies = (
				55C65BA52294F39100468FE6 /* PBXTargetDependency */,
			);
			name = TestScreenTests;
			productName = TestScreenTests;
			productReference = 55C65BA32294F39100468FE6 /* TestScreenTests.xctest */;
			productType = "com.apple.product-type.bundle.unit-test";
		};
		55C65BAD2294F39100468FE6 /* TestScreenUITests */ = {
			isa = PBXNativeTarget;
			buildConfigurationList = 55C65BBD2294F39100468FE6 /* Build configuration list for PBXNativeTarget "TestScreenUITests" */;
			buildPhases = (
				55C65BAA2294F39100468FE6 /* Sources */,
				55C65BAB2294F39100468FE6 /* Frameworks */,
				55C65BAC2294F39100468FE6 /* Resources */,
			);
			buildRules = (
			);
			dependencies = (
				55C65BB02294F39100468FE6 /* PBXTargetDependency */,
			);
			name = TestScreenUITests;
			productName = TestScreenUITests;
			productReference = 55C65BAE2294F39100468FE6 /* TestScreenUITests.xctest */;
			productType = "com.apple.product-type.bundle.ui-testing";
		};
/* End PBXNativeTarget section */

/* Begin PBXProject section */
		55C65B832294F39000468FE6 /* Project object */ = {
			isa = PBXProject;
			attributes = {
				LastUpgradeCheck = 1020;
				ORGANIZATIONNAME = delims;
				TargetAttributes = {
					55C65B8A2294F39000468FE6 = {
						CreatedOnToolsVersion = 10.2;
					};
					55C65BA22294F39100468FE6 = {
						CreatedOnToolsVersion = 10.2;
						TestTargetID = 55C65B8A2294F39000468FE6;
					};
					55C65BAD2294F39100468FE6 = {
						CreatedOnToolsVersion = 10.2;
						TestTargetID = 55C65B8A2294F39000468FE6;
					};
				};
			};
			buildConfigurationList = 55C65B862294F39000468FE6 /* Build configuration list for PBXProject "TestScreen" */;
			compatibilityVersion = "Xcode 9.3";
			developmentRegion = en;
			hasScannedForEncodings = 0;
			knownRegions = (
				en,
				Base,
			);
			mainGroup = 55C65B822294F39000468FE6;
			productRefGroup = 55C65B8C2294F39000468FE6 /* Products */;
			projectDirPath = "";
			projectRoot = "";
			targets = (
				55C65B8A2294F39000468FE6 /* TestScreen */,
				55C65BA22294F39100468FE6 /* TestScreenTests */,
				55C65BAD2294F39100468FE6 /* TestScreenUITests */,
			);
		};
/* End PBXProject section */

/* Begin PBXResourcesBuildPhase section */
		55C65B892294F39000468FE6 /* Resources */ = {
			isa = PBXResourcesBuildPhase;
			buildActionMask = 2147483647;
			files = (
				55C65B9B2294F39100468FE6 /* LaunchScreen.storyboard in Resources */,
				55C65B982294F39100468FE6 /* Assets.xcassets in Resources */,
				55C65B962294F39000468FE6 /* Main.storyboard in Resources */,
			);
			runOnlyForDeploymentPostprocessing = 0;
		};
		55C65BA12294F39100468FE6 /* Resources */ = {
			isa = PBXResourcesBuildPhase;
			buildActionMask = 2147483647;
			files = (
			);
			runOnlyForDeploymentPostprocessing = 0;
		};
		55C65BAC2294F39100468FE6 /* Resources */ = {
			isa = PBXResourcesBuildPhase;
			buildActionMask = 2147483647;
			files = (
			);
			runOnlyForDeploymentPostprocessing = 0;
		};
/* End PBXResourcesBuildPhase section */

/* Begin PBXSourcesBuildPhase section */
		55C65B872294F39000468FE6 /* Sources */ = {
			isa = PBXSourcesBuildPhase;
			buildActionMask = 2147483647;
			files = (
				55C65B932294F39000468FE6 /* ViewController.m in Sources */,
				55C65B9E2294F39100468FE6 /* main.m in Sources */,
				55C65B902294F39000468FE6 /* AppDelegate.m in Sources */,
			);
			runOnlyForDeploymentPostprocessing = 0;
		};
		55C65B9F2294F39100468FE6 /* Sources */ = {
			isa = PBXSourcesBuildPhase;
			buildActionMask = 2147483647;
			files = (
				55C65BA82294F39100468FE6 /* TestScreenTests.m in Sources */,
			);
			runOnlyForDeploymentPostprocessing = 0;
		};
		55C65BAA2294F39100468FE6 /* Sources */ = {
			isa = PBXSourcesBuildPhase;
			buildActionMask = 2147483647;
			files = (
				55C65BB32294F39100468FE6 /* TestScreenUITests.m in Sources */,
			);
			runOnlyForDeploymentPostprocessing = 0;
		};
/* End PBXSourcesBuildPhase section */

/* Begin PBXTargetDependency section */
		55C65BA52294F39100468FE6 /* PBXTargetDependency */ = {
			isa = PBXTargetDependency;
			target = 55C65B8A2294F39000468FE6 /* TestScreen */;
			targetProxy = 55C65BA42294F39100468FE6 /* PBXContainerItemProxy */;
		};
		55C65BB02294F39100468FE6 /* PBXTargetDependency */ = {
			isa = PBXTargetDependency;
			target = 55C65B8A2294F39000468FE6 /* TestScreen */;
			targetProxy = 55C65BAF2294F39100468FE6 /* PBXContainerItemProxy */;
		};
/* End PBXTargetDependency section */

/* Begin PBXVariantGroup section */
		55C65B942294F39000468FE6 /* Main.storyboard */ = {
			isa = PBXVariantGroup;
			children = (
				55C65B952294F39000468FE6 /* Base */,
			);
			name = Main.storyboard;
			sourceTree = "<group>";
		};
		55C65B992294F39100468FE6 /* LaunchScreen.storyboard */ = {
			isa = PBXVariantGroup;
			children = (
				55C65B9A2294F39100468FE6 /* Base */,
			);
			name = LaunchScreen.storyboard;
			sourceTree = "<group>";
		};
/* End PBXVariantGroup section */

/* Begin XCBuildConfiguration section */
		55C65BB52294F39100468FE6 /* Debug */ = {
			isa = XCBuildConfiguration;
			buildSettings = {
				ALWAYS_SEARCH_USER_PATHS = NO;
				CLANG_ANALYZER_NONNULL = YES;
				CLANG_ANALYZER_NUMBER_OBJECT_CONVERSION = YES_AGGRESSIVE;
				CLANG_CXX_LANGUAGE_STANDARD = "gnu++14";
				CLANG_CXX_LIBRARY = "libc++";
				CLANG_ENABLE_MODULES = YES;
				CLANG_ENABLE_OBJC_ARC = YES;
				CLANG_ENABLE_OBJC_WEAK = YES;
				CLANG_WARN_BLOCK_CAPTURE_AUTORELEASING = YES;
				CLANG_WARN_BOOL_CONVERSION = YES;
				CLANG_WARN_COMMA = YES;
				CLANG_WARN_CONSTANT_CONVERSION = YES;
				CLANG_WARN_DEPRECATED_OBJC_IMPLEMENTATIONS = YES;
				CLANG_WARN_DIRECT_OBJC_ISA_USAGE = YES_ERROR;
				CLANG_WARN_DOCUMENTATION_COMMENTS = YES;
				CLANG_WARN_EMPTY_BODY = YES;
				CLANG_WARN_ENUM_CONVERSION = YES;
				CLANG_WARN_INFINITE_RECURSION = YES;
				CLANG_WARN_INT_CONVERSION = YES;
				CLANG_WARN_NON_LITERAL_NULL_CONVERSION = YES;
				CLANG_WARN_OBJC_IMPLICIT_RETAIN_SELF = YES;
				CLANG_WARN_OBJC_LITERAL_CONVERSION = YES;
				CLANG_WARN_OBJC_ROOT_CLASS = YES_ERROR;
				CLANG_WARN_RANGE_LOOP_ANALYSIS = YES;
				CLANG_WARN_STRICT_PROTOTYPES = YES;
				CLANG_WARN_SUSPICIOUS_MOVE = YES;
				CLANG_WARN_UNGUARDED_AVAILABILITY = YES_AGGRESSIVE;
				CLANG_WARN_UNREACHABLE_CODE = YES;
				CLANG_WARN__DUPLICATE_METHOD_MATCH = YES;
				CODE_SIGN_IDENTITY = "iPhone Developer";
				COPY_PHASE_STRIP = NO;
				DEBUG_INFORMATION_FORMAT = dwarf;
				ENABLE_STRICT_OBJC_MSGSEND = YES;
				ENABLE_TESTABILITY = YES;
				GCC_C_LANGUAGE_STANDARD = gnu11;
				GCC_DYNAMIC_NO_PIC = NO;
				GCC_NO_COMMON_BLOCKS = YES;
				GCC_OPTIMIZATION_LEVEL = 0;
				GCC_PREPROCESSOR_DEFINITIONS = (
					"DEBUG=1",
					"$(inherited)",
				);
				GCC_WARN_64_TO_32_BIT_CONVERSION = YES;
				GCC_WARN_ABOUT_RETURN_TYPE = YES_ERROR;
				GCC_WARN_UNDECLARED_SELECTOR = YES;
				GCC_WARN_UNINITIALIZED_AUTOS = YES_AGGRESSIVE;
				GCC_WARN_UNUSED_FUNCTION = YES;
				GCC_WARN_UNUSED_VARIABLE = YES;
				IPHONEOS_DEPLOYMENT_TARGET = 12.2;
				MTL_ENABLE_DEBUG_INFO = INCLUDE_SOURCE;
				MTL_FAST_MATH = YES;
				ONLY_ACTIVE_ARCH = YES;
				SDKROOT = iphoneos;
			};
			name = Debug;
		};
		55C65BB62294F39100468FE6 /* Release */ = {
			isa = XCBuildConfiguration;
			buildSettings = {
				ALWAYS_SEARCH_USER_PATHS = NO;
				CLANG_ANALYZER_NONNULL = YES;
				CLANG_ANALYZER_NUMBER_OBJECT_CONVERSION = YES_AGGRESSIVE;
				CLANG_CXX_LANGUAGE_STANDARD = "gnu++14";
				CLANG_CXX_LIBRARY = "libc++";
				CLANG_ENABLE_MODULES = YES;
				CLANG_ENABLE_OBJC_ARC = YES;
				CLANG_ENABLE_OBJC_WEAK = YES;
				CLANG_WARN_BLOCK_CAPTURE_AUTORELEASING = YES;
				CLANG_WARN_BOOL_CONVERSION = YES;
				CLANG_WARN_COMMA = YES;
				CLANG_WARN_CONSTANT_CONVERSION = YES;
				CLANG_WARN_DEPRECATED_OBJC_IMPLEMENTATIONS = YES;
				CLANG_WARN_DIRECT_OBJC_ISA_USAGE = YES_ERROR;
				CLANG_WARN_DOCUMENTATION_COMMENTS = YES;
				CLANG_WARN_EMPTY_BODY = YES;
				CLANG_WARN_ENUM_CONVERSION = YES;
				CLANG_WARN_INFINITE_RECURSION = YES;
				CLANG_WARN_INT_CONVERSION = YES;
				CLANG_WARN_NON_LITERAL_NULL_CONVERSION = YES;
				CLANG_WARN_OBJC_IMPLICIT_RETAIN_SELF = YES;
				CLANG_WARN_OBJC_LITERAL_CONVERSION = YES;
				CLANG_WARN_OBJC_ROOT_CLASS = YES_ERROR;
				CLANG_WARN_RANGE_LOOP_ANALYSIS = YES;
				CLANG_WARN_STRICT_PROTOTYPES = YES;
				CLANG_WARN_SUSPICIOUS_MOVE = YES;
				CLANG_WARN_UNGUARDED_AVAILABILITY = YES_AGGRESSIVE;
				CLANG_WARN_UNREACHABLE_CODE = YES;
				CLANG_WARN__DUPLICATE_METHOD_MATCH = YES;
				CODE_SIGN_IDENTITY = "iPhone Developer";
				COPY_PHASE_STRIP = NO;
				DEBUG_INFORMATION_FORMAT = "dwarf-with-dsym";
				ENABLE_NS_ASSERTIONS = NO;
				ENABLE_STRICT_OBJC_MSGSEND = YES;
				GCC_C_LANGUAGE_STANDARD = gnu11;
				GCC_NO_COMMON_BLOCKS = YES;
				GCC_WARN_64_TO_32_BIT_CONVERSION = YES;
				GCC_WARN_ABOUT_RETURN_TYPE = YES_ERROR;
				GCC_WARN_UNDECLARED_SELECTOR = YES;
				GCC_WARN_UNINITIALIZED_AUTOS = YES_AGGRESSIVE;
				GCC_WARN_UNUSED_FUNCTION = YES;
				GCC_WARN_UNUSED_VARIABLE = YES;
				IPHONEOS_DEPLOYMENT_TARGET = 12.2;
				MTL_ENABLE_DEBUG_INFO = NO;
				MTL_FAST_MATH = YES;
				SDKROOT = iphoneos;
				VALIDATE_PRODUCT = YES;
			};
			name = Release;
		};
		55C65BB82294F39100468FE6 /* Debug */ = {
			isa = XCBuildConfiguration;
			buildSettings = {
				ASSETCATALOG_COMPILER_APPICON_NAME = AppIcon;
				CODE_SIGN_STYLE = Automatic;
				DEVELOPMENT_TEAM = MA2J7DKD99;
				INFOPLIST_FILE = TestScreen/Info.plist;
				LD_RUNPATH_SEARCH_PATHS = (
					"$(inherited)",
					"@executable_path/Frameworks",
				);
				PRODUCT_BUNDLE_IDENTIFIER = com.delims.test.TestScreen;
				PRODUCT_NAME = "$(TARGET_NAME)";
				TARGETED_DEVICE_FAMILY = "1,2";
			};
			name = Debug;
		};
		55C65BB92294F39100468FE6 /* Release */ = {
			isa = XCBuildConfiguration;
			buildSettings = {
				ASSETCATALOG_COMPILER_APPICON_NAME = AppIcon;
				CODE_SIGN_STYLE = Automatic;
				DEVELOPMENT_TEAM = MA2J7DKD99;
				INFOPLIST_FILE = TestScreen/Info.plist;
				LD_RUNPATH_SEARCH_PATHS = (
					"$(inherited)",
					"@executable_path/Frameworks",
				);
				PRODUCT_BUNDLE_IDENTIFIER = com.delims.test.TestScreen;
				PRODUCT_NAME = "$(TARGET_NAME)";
				TARGETED_DEVICE_FAMILY = "1,2";
			};
			name = Release;
		};
		55C65BBB2294F39100468FE6 /* Debug */ = {
			isa = XCBuildConfiguration;
			buildSettings = {
				BUNDLE_LOADER = "$(TEST_HOST)";
				CODE_SIGN_STYLE = Automatic;
				DEVELOPMENT_TEAM = MA2J7DKD99;
				INFOPLIST_FILE = TestScreenTests/Info.plist;
				LD_RUNPATH_SEARCH_PATHS = (
					"$(inherited)",
					"@executable_path/Frameworks",
					"@loader_path/Frameworks",
				);
				PRODUCT_BUNDLE_IDENTIFIER = com.delims.test.TestScreenTests;
				PRODUCT_NAME = "$(TARGET_NAME)";
				TARGETED_DEVICE_FAMILY = "1,2";
				TEST_HOST = "$(BUILT_PRODUCTS_DIR)/TestScreen.app/TestScreen";
			};
			name = Debug;
		};
		55C65BBC2294F39100468FE6 /* Release */ = {
			isa = XCBuildConfiguration;
			buildSettings = {
				BUNDLE_LOADER = "$(TEST_HOST)";
				CODE_SIGN_STYLE = Automatic;
				DEVELOPMENT_TEAM = MA2J7DKD99;
				INFOPLIST_FILE = TestScreenTests/Info.plist;
				LD_RUNPATH_SEARCH_PATHS = (
					"$(inherited)",
					"@executable_path/Frameworks",
					"@loader_path/Frameworks",
				);
				PRODUCT_BUNDLE_IDENTIFIER = com.delims.test.TestScreenTests;
				PRODUCT_NAME = "$(TARGET_NAME)";
				TARGETED_DEVICE_FAMILY = "1,2";
				TEST_HOST = "$(BUILT_PRODUCTS_DIR)/TestScreen.app/TestScreen";
			};
			name = Release;
		};
		55C65BBE2294F39100468FE6 /* Debug */ = {
			isa = XCBuildConfiguration;
			buildSettings = {
				CODE_SIGN_STYLE = Automatic;
				DEVELOPMENT_TEAM = MA2J7DKD99;
				INFOPLIST_FILE = TestScreenUITests/Info.plist;
				LD_RUNPATH_SEARCH_PATHS = (
					"$(inherited)",
					"@executable_path/Frameworks",
					"@loader_path/Frameworks",
				);
				PRODUCT_BUNDLE_IDENTIFIER = com.delims.test.TestScreenUITests;
				PRODUCT_NAME = "$(TARGET_NAME)";
				TARGETED_DEVICE_FAMILY = "1,2";
				TEST_TARGET_NAME = TestScreen;
			};
			name = Debug;
		};
		55C65BBF2294F39100468FE6 /* Release */ = {
			isa = XCBuildConfiguration;
			buildSettings = {
				CODE_SIGN_STYLE = Automatic;
				DEVELOPMENT_TEAM = MA2J7DKD99;
				INFOPLIST_FILE = TestScreenUITests/Info.plist;
				LD_RUNPATH_SEARCH_PATHS = (
					"$(inherited)",
					"@executable_path/Frameworks",
					"@loader_path/Frameworks",
				);
				PRODUCT_BUNDLE_IDENTIFIER = com.delims.test.TestScreenUITests;
				PRODUCT_NAME = "$(TARGET_NAME)";
				TARGETED_DEVICE_FAMILY = "1,2";
				TEST_TARGET_NAME = TestScreen;
			};
			name = Release;
		};
/* End XCBuildConfiguration section */

/* Begin XCConfigurationList section */
		55C65B862294F39000468FE6 /* Build configuration list for PBXProject "TestScreen" */ = {
			isa = XCConfigurationList;
			buildConfigurations = (
				55C65BB52294F39100468FE6 /* Debug */,
				55C65BB62294F39100468FE6 /* Release */,
			);
			defaultConfigurationIsVisible = 0;
			defaultConfigurationName = Release;
		};
		55C65BB72294F39100468FE6 /* Build configuration list for PBXNativeTarget "TestScreen" */ = {
			isa = XCConfigurationList;
			buildConfigurations = (
				55C65BB82294F39100468FE6 /* Debug */,
				55C65BB92294F39100468FE6 /* Release */,
			);
			defaultConfigurationIsVisible = 0;
			defaultConfigurationName = Release;
		};
		55C65BBA2294F39100468FE6 /* Build configuration list for PBXNativeTarget "TestScreenTests" */ = {
			isa = XCConfigurationList;
			buildConfigurations = (
				55C65BBB2294F39100468FE6 /* Debug */,
				55C65BBC2294F39100468FE6 /* Release */,
			);
			defaultConfigurationIsVisible = 0;
			defaultConfigurationName = Release;
		};
		55C65BBD2294F39100468FE6 /* Build configuration list for PBXNativeTarget "TestScreenUITests" */ = {
			isa = XCConfigurationList;
			buildConfigurations = (
				55C65BBE2294F39100468FE6 /* Debug */,
				55C65BBF2294F39100468FE6 /* Release */,
			);
			defaultConfigurationIsVisible = 0;
			defaultConfigurationName = Release;
		};
/* End XCConfigurationList section */
	};
	rootObject = 55C65B832294F39000468FE6 /* Project object */;
}
